
Microsoft Visual Studio Solution File, Format Version 12.00
#
Project("{2150E333-8FDC-42A3-9474-1A3956D46DE8}") = "src", "src", "{53FD1DC9-FF2B-4677-B20B-9BAA1AF020B6}"
EndProject
Project("{FAE04EC0-301F-11D3-BF4B-00C04F79EFBC}") = "InfoFlow.Application", "src\InfoFlow.Application\InfoFlow.Application.csproj", "{CE1A3EE5-A62E-4FDA-91CD-A3A9FABDE657}"
EndProject
Project("{FAE04EC0-301F-11D3-BF4B-00C04F79EFBC}") = "InfoFlow.Automation.API", "src\InfoFlow.Automation.API\InfoFlow.Automation.API.csproj", "{D9259E2F-4066-4FE0-99CD-C94E64E05998}"
EndProject
Project("{FAE04EC0-301F-11D3-BF4B-00C04F79EFBC}") = "InfoFlow.Domain", "src\InfoFlow.Domain\InfoFlow.Domain.csproj", "{3715851E-528A-4455-AF39-5A26D42E80D4}"
EndProject
Project("{FAE04EC0-301F-11D3-BF4B-00C04F79EFBC}") = "InfoFlow.Infrastructure", "src\InfoFlow.Infrastructure\InfoFlow.Infrastructure.csproj", "{89F3FBFB-F84A-4EC3-B673-36E64BAADFCB}"
EndProject
Project("{FAE04EC0-301F-11D3-BF4B-00C04F79EFBC}") = "InfoFlow.Persistence", "src\InfoFlow.Persistence\InfoFlow.Persistence.csproj", "{DA11327A-F40F-46C2-9847-0DBBE56192ED}"
EndProject
Project("{FAE04EC0-301F-11D3-BF4B-00C04F79EFBC}") = "InfoFlow.Processes.API", "src\InfoFlow.Processes.API\InfoFlow.Processes.API.csproj", "{AA8A223F-AC7A-44A1-9317-378BAC92CA10}"
EndProject
Project("{FAE04EC0-301F-11D3-BF4B-00C04F79EFBC}") = "InfoFlow.Security.API", "src\InfoFlow.Security.API\InfoFlow.Security.API.csproj", "{85FEAAED-618A-4D34-9A57-1297E1996AF7}"
EndProject
Project("{FAE04EC0-301F-11D3-BF4B-00C04F79EFBC}") = "InfoFlow.Shared", "src\InfoFlow.Shared\InfoFlow.Shared.csproj", "{D9E7BB73-A2BC-4EB9-BE30-CBE728927D29}"
EndProject
Project("{FAE04EC0-301F-11D3-BF4B-00C04F79EFBC}") = "InfoFlow.Tasks.API", "src\InfoFlow.Tasks.API\InfoFlow.Tasks.API.csproj", "{32EAC720-9B64-484E-858D-906F3C70FE91}"
EndProject
Project("{FAE04EC0-301F-11D3-BF4B-00C04F79EFBC}") = "InfoFlow.Bootstrap", "src\InfoFlow.Bootstrap\InfoFlow.Bootstrap.csproj", "{0FA2579A-3855-4E13-99C6-0680A3E6D2EA}"
EndProject
Project("{FAE04EC0-301F-11D3-BF4B-00C04F79EFBC}") = "InfoFlow.Bootstrap.Observability", "src\InfoFlow.Bootstrap.Observability\InfoFlow.Bootstrap.Observability.csproj", "{DB64D4FC-7C69-49D9-958D-6B5A04787E39}"
EndProject
Project("{FAE04EC0-301F-11D3-BF4B-00C04F79EFBC}") = "InfoFlow.Bootstrap.Testing", "src\InfoFlow.Bootstrap.Testing\InfoFlow.Bootstrap.Testing.csproj", "{B4B29BF4-DDA8-4782-A532-5B6FC7EE5785}"
EndProject
Project("{2150E333-8FDC-42A3-9474-1A3956D46DE8}") = "api", "api", "{C5B93F19-348A-4B46-899E-D75C948A1AD6}"
EndProject
Project("{2150E333-8FDC-42A3-9474-1A3956D46DE8}") = "tests", "tests", "{419F204D-3732-43D2-A2D7-22A62D3F8FDA}"
EndProject
Global
	GlobalSection(SolutionConfigurationPlatforms) = preSolution
		Debug|Any CPU = Debug|Any CPU
		Release|Any CPU = Release|Any CPU
	EndGlobalSection
	GlobalSection(ProjectConfigurationPlatforms) = postSolution
		{CE1A3EE5-A62E-4FDA-91CD-A3A9FABDE657}.Debug|Any CPU.ActiveCfg = Debug|Any CPU
		{CE1A3EE5-A62E-4FDA-91CD-A3A9FABDE657}.Debug|Any CPU.Build.0 = Debug|Any CPU
		{CE1A3EE5-A62E-4FDA-91CD-A3A9FABDE657}.Release|Any CPU.ActiveCfg = Release|Any CPU
		{CE1A3EE5-A62E-4FDA-91CD-A3A9FABDE657}.Release|Any CPU.Build.0 = Release|Any CPU
		{D9259E2F-4066-4FE0-99CD-C94E64E05998}.Debug|Any CPU.ActiveCfg = Debug|Any CPU
		{D9259E2F-4066-4FE0-99CD-C94E64E05998}.Debug|Any CPU.Build.0 = Debug|Any CPU
		{D9259E2F-4066-4FE0-99CD-C94E64E05998}.Release|Any CPU.ActiveCfg = Release|Any CPU
		{D9259E2F-4066-4FE0-99CD-C94E64E05998}.Release|Any CPU.Build.0 = Release|Any CPU
		{3715851E-528A-4455-AF39-5A26D42E80D4}.Debug|Any CPU.ActiveCfg = Debug|Any CPU
		{3715851E-528A-4455-AF39-5A26D42E80D4}.Debug|Any CPU.Build.0 = Debug|Any CPU
		{3715851E-528A-4455-AF39-5A26D42E80D4}.Release|Any CPU.ActiveCfg = Release|Any CPU
		{3715851E-528A-4455-AF39-5A26D42E80D4}.Release|Any CPU.Build.0 = Release|Any CPU
		{89F3FBFB-F84A-4EC3-B673-36E64BAADFCB}.Debug|Any CPU.ActiveCfg = Debug|Any CPU
		{89F3FBFB-F84A-4EC3-B673-36E64BAADFCB}.Debug|Any CPU.Build.0 = Debug|Any CPU
		{89F3FBFB-F84A-4EC3-B673-36E64BAADFCB}.Release|Any CPU.ActiveCfg = Release|Any CPU
		{89F3FBFB-F84A-4EC3-B673-36E64BAADFCB}.Release|Any CPU.Build.0 = Release|Any CPU
		{DA11327A-F40F-46C2-9847-0DBBE56192ED}.Debug|Any CPU.ActiveCfg = Debug|Any CPU
		{DA11327A-F40F-46C2-9847-0DBBE56192ED}.Debug|Any CPU.Build.0 = Debug|Any CPU
		{DA11327A-F40F-46C2-9847-0DBBE56192ED}.Release|Any CPU.ActiveCfg = Release|Any CPU
		{DA11327A-F40F-46C2-9847-0DBBE56192ED}.Release|Any CPU.Build.0 = Release|Any CPU
		{AA8A223F-AC7A-44A1-9317-378BAC92CA10}.Debug|Any CPU.ActiveCfg = Debug|Any CPU
		{AA8A223F-AC7A-44A1-9317-378BAC92CA10}.Debug|Any CPU.Build.0 = Debug|Any CPU
		{AA8A223F-AC7A-44A1-9317-378BAC92CA10}.Release|Any CPU.ActiveCfg = Release|Any CPU
		{AA8A223F-AC7A-44A1-9317-378BAC92CA10}.Release|Any CPU.Build.0 = Release|Any CPU
		{85FEAAED-618A-4D34-9A57-1297E1996AF7}.Debug|Any CPU.ActiveCfg = Debug|Any CPU
		{85FEAAED-618A-4D34-9A57-1297E1996AF7}.Debug|Any CPU.Build.0 = Debug|Any CPU
		{85FEAAED-618A-4D34-9A57-1297E1996AF7}.Release|Any CPU.ActiveCfg = Release|Any CPU
		{85FEAAED-618A-4D34-9A57-1297E1996AF7}.Release|Any CPU.Build.0 = Release|Any CPU
		{D9E7BB73-A2BC-4EB9-BE30-CBE728927D29}.Debug|Any CPU.ActiveCfg = Debug|Any CPU
		{D9E7BB73-A2BC-4EB9-BE30-CBE728927D29}.Debug|Any CPU.Build.0 = Debug|Any CPU
		{D9E7BB73-A2BC-4EB9-BE30-CBE728927D29}.Release|Any CPU.ActiveCfg = Release|Any CPU
		{D9E7BB73-A2BC-4EB9-BE30-CBE728927D29}.Release|Any CPU.Build.0 = Release|Any CPU
		{32EAC720-9B64-484E-858D-906F3C70FE91}.Debug|Any CPU.ActiveCfg = Debug|Any CPU
		{32EAC720-9B64-484E-858D-906F3C70FE91}.Debug|Any CPU.Build.0 = Debug|Any CPU
		{32EAC720-9B64-484E-858D-906F3C70FE91}.Release|Any CPU.ActiveCfg = Release|Any CPU
		{32EAC720-9B64-484E-858D-906F3C70FE91}.Release|Any CPU.Build.0 = Release|Any CPU
		{0FA2579A-3855-4E13-99C6-0680A3E6D2EA}.Debug|Any CPU.ActiveCfg = Debug|Any CPU
		{0FA2579A-3855-4E13-99C6-0680A3E6D2EA}.Debug|Any CPU.Build.0 = Debug|Any CPU
		{0FA2579A-3855-4E13-99C6-0680A3E6D2EA}.Release|Any CPU.ActiveCfg = Release|Any CPU
		{0FA2579A-3855-4E13-99C6-0680A3E6D2EA}.Release|Any CPU.Build.0 = Release|Any CPU
		{DB64D4FC-7C69-49D9-958D-6B5A04787E39}.Debug|Any CPU.ActiveCfg = Debug|Any CPU
		{DB64D4FC-7C69-49D9-958D-6B5A04787E39}.Debug|Any CPU.Build.0 = Debug|Any CPU
		{DB64D4FC-7C69-49D9-958D-6B5A04787E39}.Release|Any CPU.ActiveCfg = Release|Any CPU
		{DB64D4FC-7C69-49D9-958D-6B5A04787E39}.Release|Any CPU.Build.0 = Release|Any CPU
		{B4B29BF4-DDA8-4782-A532-5B6FC7EE5785}.Debug|Any CPU.ActiveCfg = Debug|Any CPU
		{B4B29BF4-DDA8-4782-A532-5B6FC7EE5785}.Debug|Any CPU.Build.0 = Debug|Any CPU
		{B4B29BF4-DDA8-4782-A532-5B6FC7EE5785}.Release|Any CPU.ActiveCfg = Release|Any CPU
		{B4B29BF4-DDA8-4782-A532-5B6FC7EE5785}.Release|Any CPU.Build.0 = Release|Any CPU
	EndGlobalSection
	GlobalSection(NestedProjects) = preSolution
		{CE1A3EE5-A62E-4FDA-91CD-A3A9FABDE657} = {53FD1DC9-FF2B-4677-B20B-9BAA1AF020B6}
		{3715851E-528A-4455-AF39-5A26D42E80D4} = {53FD1DC9-FF2B-4677-B20B-9BAA1AF020B6}
		{89F3FBFB-F84A-4EC3-B673-36E64BAADFCB} = {53FD1DC9-FF2B-4677-B20B-9BAA1AF020B6}
		{DA11327A-F40F-46C2-9847-0DBBE56192ED} = {53FD1DC9-FF2B-4677-B20B-9BAA1AF020B6}
		{D9E7BB73-A2BC-4EB9-BE30-CBE728927D29} = {53FD1DC9-FF2B-4677-B20B-9BAA1AF020B6}
		{0FA2579A-3855-4E13-99C6-0680A3E6D2EA} = {53FD1DC9-FF2B-4677-B20B-9BAA1AF020B6}
		{DB64D4FC-7C69-49D9-958D-6B5A04787E39} = {53FD1DC9-FF2B-4677-B20B-9BAA1AF020B6}
		{B4B29BF4-DDA8-4782-A532-5B6FC7EE5785} = {53FD1DC9-FF2B-4677-B20B-9BAA1AF020B6}
		{D9259E2F-4066-4FE0-99CD-C94E64E05998} = {C5B93F19-348A-4B46-899E-D75C948A1AD6}
		{AA8A223F-AC7A-44A1-9317-378BAC92CA10} = {C5B93F19-348A-4B46-899E-D75C948A1AD6}
		{85FEAAED-618A-4D34-9A57-1297E1996AF7} = {C5B93F19-348A-4B46-899E-D75C948A1AD6}
		{32EAC720-9B64-484E-858D-906F3C70FE91} = {C5B93F19-348A-4B46-899E-D75C948A1AD6}
	EndGlobalSection
EndGlobal
